{
  "name": "demo-project",
  "lockfileVersion": 1,
  "dependencies": {
    "lodash": {
      "version": "4.17.21",
      "resolved": "https://registry.npmjs.org/lodash/-/lodash-4.17.21.tgz",
      "integrity": "sha512-KKmx1RntSJLpUtFSHTc4kH3lLRhyJj7kghyUkBd4XWovvZ1ZGz4EwNlFY52T27R6JebsfC1h9mMFtE7bUbq3J3w=="
    }
  }
}
